
Microsoft Visual Studio Solution File, Format Version 12.00
# Visual Studio Version 17
VisualStudioVersion = 17.11.35327.3
MinimumVisualStudioVersion = 10.0.40219.1
Project("{FAE04EC0-301F-11D3-BF4B-00C04F79EFBC}") = "ELearning-API", "ELearning-API\ELearning-API.csproj", "{D59C97E2-6394-4463-9661-FB81DF055341}"
EndProject
Global
	GlobalSection(SolutionConfigurationPlatforms) = preSolution
		Debug|Any CPU = Debug|Any CPU
		Release|Any CPU = Release|Any CPU
	EndGlobalSection
	GlobalSection(ProjectConfigurationPlatforms) = postSolution
		{D59C97E2-6394-4463-9661-FB81DF055341}.Debug|Any CPU.ActiveCfg = Debug|Any CPU
		{D59C97E2-6394-4463-9661-FB81DF055341}.Debug|Any CPU.Build.0 = Debug|Any CPU
		{D59C97E2-6394-4463-9661-FB81DF055341}.Release|Any CPU.ActiveCfg = Release|Any CPU
		{D59C97E2-6394-4463-9661-FB81DF055341}.Release|Any CPU.Build.0 = Release|Any CPU
	EndGlobalSection
	GlobalSection(SolutionProperties) = preSolution
		HideSolutionNode = FALSE
	EndGlobalSection
	GlobalSection(ExtensibilityGlobals) = postSolution
		SolutionGuid = {65600D06-2AA8-4384-BAF2-1CD180362821}
	EndGlobalSection
EndGlobal
